{
	"name": "@rbxts/roact",
	"version": "1.1.5",
	"lockfileVersion": 1,
	"requires": true,
	"dependencies": {
		"@rbxts/types": {
			"version": "1.0.254",
			"resolved": "https://registry.npmjs.org/@rbxts/types/-/types-1.0.254.tgz",
			"integrity": "sha512-M6I9u/WnHRdNg+UiEQq4AjQJsvky9zF1gd6ozPxVzooHf9+MQsS4+8i9+g6+3CsO8QGGEziitz2jxPUkgOmF1A==",
			"dev": true
		}
	}
}
