{
  "name": "rbx-roact",
  "version": "0.1.11",
  "lockfileVersion": 1,
  "requires": true,
  "dependencies": {
    "rbx-types": {
      "version": "1.0.122",
      "resolved": "https://registry.npmjs.org/rbx-types/-/rbx-types-1.0.122.tgz",
      "integrity": "sha512-9EnxtcFa7ebJ1+0/fbdmSR6IFV7M2xTMnv9yeM7iJmee8XshfAn4mVn51/qvkpYQlBstkyCQ+QNkAdWk7xzQ3w==",
      "dev": true
    }
  }
}
