{
	"name": "@rbxts/roact",
	"version": "1.3.0",
	"lockfileVersion": 1,
	"requires": true,
	"dependencies": {
		"@rbxts/types": {
			"version": "1.0.371",
			"resolved": "https://registry.npmjs.org/@rbxts/types/-/types-1.0.371.tgz",
			"integrity": "sha512-eGaVgeiTMx3+LTuLRrry7oruSDtE1EL0Q4xOnFQ6c7TtFm0B9hr3plhb/XXBvqIgNfql27oN7xbLGlytHHhkcg==",
			"dev": true
		}
	}
}
